
Microsoft Visual Studio Solution File, Format Version 12.00
# Visual Studio Version 16
VisualStudioVersion = 16.0.29926.136
MinimumVisualStudioVersion = 10.0.40219.1
Project("{9A19103F-16F7-4668-BE54-9A1E7A4F7556}") = "AssignmentRoot", "AssignmentRoot.csproj", "{BF692481-D9A2-4248-B2D1-A31BA19FA920}"
EndProject
Project("{9A19103F-16F7-4668-BE54-9A1E7A4F7556}") = "ModelsRepository", "..\Models\ModelsRepository.csproj", "{D6F26747-8E8E-49D4-8ABD-1EA05D57AEFC}"
EndProject
Project("{9A19103F-16F7-4668-BE54-9A1E7A4F7556}") = "RestSharpRepository", "..\RestSharpRepository\RestSharpRepository.csproj", "{38CDFF29-97A2-4FB3-9E9A-F6268E9916A0}"
EndProject
Global
	GlobalSection(SolutionConfigurationPlatforms) = preSolution
		Debug|Any CPU = Debug|Any CPU
		Release|Any CPU = Release|Any CPU
	EndGlobalSection
	GlobalSection(ProjectConfigurationPlatforms) = postSolution
		{BF692481-D9A2-4248-B2D1-A31BA19FA920}.Debug|Any CPU.ActiveCfg = Debug|Any CPU
		{BF692481-D9A2-4248-B2D1-A31BA19FA920}.Debug|Any CPU.Build.0 = Debug|Any CPU
		{BF692481-D9A2-4248-B2D1-A31BA19FA920}.Release|Any CPU.ActiveCfg = Release|Any CPU
		{BF692481-D9A2-4248-B2D1-A31BA19FA920}.Release|Any CPU.Build.0 = Release|Any CPU
		{D6F26747-8E8E-49D4-8ABD-1EA05D57AEFC}.Debug|Any CPU.ActiveCfg = Debug|Any CPU
		{D6F26747-8E8E-49D4-8ABD-1EA05D57AEFC}.Debug|Any CPU.Build.0 = Debug|Any CPU
		{D6F26747-8E8E-49D4-8ABD-1EA05D57AEFC}.Release|Any CPU.ActiveCfg = Release|Any CPU
		{D6F26747-8E8E-49D4-8ABD-1EA05D57AEFC}.Release|Any CPU.Build.0 = Release|Any CPU
		{38CDFF29-97A2-4FB3-9E9A-F6268E9916A0}.Debug|Any CPU.ActiveCfg = Debug|Any CPU
		{38CDFF29-97A2-4FB3-9E9A-F6268E9916A0}.Debug|Any CPU.Build.0 = Debug|Any CPU
		{38CDFF29-97A2-4FB3-9E9A-F6268E9916A0}.Release|Any CPU.ActiveCfg = Release|Any CPU
		{38CDFF29-97A2-4FB3-9E9A-F6268E9916A0}.Release|Any CPU.Build.0 = Release|Any CPU
	EndGlobalSection
	GlobalSection(SolutionProperties) = preSolution
		HideSolutionNode = FALSE
	EndGlobalSection
	GlobalSection(ExtensibilityGlobals) = postSolution
		SolutionGuid = {07F0BF4F-19BD-414F-ADD7-53DD6C1A5AFD}
	EndGlobalSection
EndGlobal
